
Microsoft Visual Studio Solution File, Format Version 12.00
# Visual Studio 2012
Project("{FAE04EC0-301F-11D3-BF4B-00C04F79EFBC}") = "FormsLifeCycle", "FormsLifeCycle\FormsLifeCycle.csproj", "{90445A90-A4DE-48A5-9E09-444EC63BB3B4}"
EndProject
Project("{FAE04EC0-301F-11D3-BF4B-00C04F79EFBC}") = "FormsLifeCycle.iOS", "iOS\FormsLifeCycle.iOS.csproj", "{FD9ABB8E-9BC1-4640-AD0F-89AD41473D0A}"
EndProject
Project("{FAE04EC0-301F-11D3-BF4B-00C04F79EFBC}") = "FormsLifeCycle.Droid", "Droid\FormsLifeCycle.Droid.csproj", "{22DBAF0A-4146-4774-87B2-FBDB6C650B1F}"
EndProject
Global
	GlobalSection(SolutionConfigurationPlatforms) = preSolution
		Debug|Any CPU = Debug|Any CPU
		Release|Any CPU = Release|Any CPU
		Debug|iPhoneSimulator = Debug|iPhoneSimulator
		Release|iPhone = Release|iPhone
		Release|iPhoneSimulator = Release|iPhoneSimulator
		Debug|iPhone = Debug|iPhone
	EndGlobalSection
	GlobalSection(ProjectConfigurationPlatforms) = postSolution
		{90445A90-A4DE-48A5-9E09-444EC63BB3B4}.Debug|Any CPU.ActiveCfg = Debug|Any CPU
		{90445A90-A4DE-48A5-9E09-444EC63BB3B4}.Debug|Any CPU.Build.0 = Debug|Any CPU
		{90445A90-A4DE-48A5-9E09-444EC63BB3B4}.Release|Any CPU.ActiveCfg = Release|Any CPU
		{90445A90-A4DE-48A5-9E09-444EC63BB3B4}.Release|Any CPU.Build.0 = Release|Any CPU
		{90445A90-A4DE-48A5-9E09-444EC63BB3B4}.Debug|iPhoneSimulator.ActiveCfg = Debug|Any CPU
		{90445A90-A4DE-48A5-9E09-444EC63BB3B4}.Debug|iPhoneSimulator.Build.0 = Debug|Any CPU
		{90445A90-A4DE-48A5-9E09-444EC63BB3B4}.Release|iPhone.ActiveCfg = Release|Any CPU
		{90445A90-A4DE-48A5-9E09-444EC63BB3B4}.Release|iPhone.Build.0 = Release|Any CPU
		{90445A90-A4DE-48A5-9E09-444EC63BB3B4}.Release|iPhoneSimulator.ActiveCfg = Release|Any CPU
		{90445A90-A4DE-48A5-9E09-444EC63BB3B4}.Release|iPhoneSimulator.Build.0 = Release|Any CPU
		{90445A90-A4DE-48A5-9E09-444EC63BB3B4}.Debug|iPhone.ActiveCfg = Debug|Any CPU
		{90445A90-A4DE-48A5-9E09-444EC63BB3B4}.Debug|iPhone.Build.0 = Debug|Any CPU
		{FD9ABB8E-9BC1-4640-AD0F-89AD41473D0A}.Debug|Any CPU.ActiveCfg = Debug|iPhoneSimulator
		{FD9ABB8E-9BC1-4640-AD0F-89AD41473D0A}.Debug|Any CPU.Build.0 = Debug|iPhoneSimulator
		{FD9ABB8E-9BC1-4640-AD0F-89AD41473D0A}.Release|Any CPU.ActiveCfg = Release|iPhone
		{FD9ABB8E-9BC1-4640-AD0F-89AD41473D0A}.Release|Any CPU.Build.0 = Release|iPhone
		{FD9ABB8E-9BC1-4640-AD0F-89AD41473D0A}.Debug|iPhoneSimulator.ActiveCfg = Debug|iPhoneSimulator
		{FD9ABB8E-9BC1-4640-AD0F-89AD41473D0A}.Debug|iPhoneSimulator.Build.0 = Debug|iPhoneSimulator
		{FD9ABB8E-9BC1-4640-AD0F-89AD41473D0A}.Release|iPhone.ActiveCfg = Release|iPhone
		{FD9ABB8E-9BC1-4640-AD0F-89AD41473D0A}.Release|iPhone.Build.0 = Release|iPhone
		{FD9ABB8E-9BC1-4640-AD0F-89AD41473D0A}.Release|iPhoneSimulator.ActiveCfg = Release|iPhoneSimulator
		{FD9ABB8E-9BC1-4640-AD0F-89AD41473D0A}.Release|iPhoneSimulator.Build.0 = Release|iPhoneSimulator
		{FD9ABB8E-9BC1-4640-AD0F-89AD41473D0A}.Debug|iPhone.ActiveCfg = Debug|iPhone
		{FD9ABB8E-9BC1-4640-AD0F-89AD41473D0A}.Debug|iPhone.Build.0 = Debug|iPhone
		{22DBAF0A-4146-4774-87B2-FBDB6C650B1F}.Debug|Any CPU.ActiveCfg = Debug|Any CPU
		{22DBAF0A-4146-4774-87B2-FBDB6C650B1F}.Debug|Any CPU.Build.0 = Debug|Any CPU
		{22DBAF0A-4146-4774-87B2-FBDB6C650B1F}.Release|Any CPU.ActiveCfg = Release|Any CPU
		{22DBAF0A-4146-4774-87B2-FBDB6C650B1F}.Release|Any CPU.Build.0 = Release|Any CPU
		{22DBAF0A-4146-4774-87B2-FBDB6C650B1F}.Debug|iPhoneSimulator.ActiveCfg = Debug|Any CPU
		{22DBAF0A-4146-4774-87B2-FBDB6C650B1F}.Debug|iPhoneSimulator.Build.0 = Debug|Any CPU
		{22DBAF0A-4146-4774-87B2-FBDB6C650B1F}.Release|iPhone.ActiveCfg = Release|Any CPU
		{22DBAF0A-4146-4774-87B2-FBDB6C650B1F}.Release|iPhone.Build.0 = Release|Any CPU
		{22DBAF0A-4146-4774-87B2-FBDB6C650B1F}.Release|iPhoneSimulator.ActiveCfg = Release|Any CPU
		{22DBAF0A-4146-4774-87B2-FBDB6C650B1F}.Release|iPhoneSimulator.Build.0 = Release|Any CPU
		{22DBAF0A-4146-4774-87B2-FBDB6C650B1F}.Debug|iPhone.ActiveCfg = Debug|Any CPU
		{22DBAF0A-4146-4774-87B2-FBDB6C650B1F}.Debug|iPhone.Build.0 = Debug|Any CPU
	EndGlobalSection
EndGlobal
