
Microsoft Visual Studio Solution File, Format Version 12.00
# Visual Studio 2012
Project("{FAE04EC0-301F-11D3-BF4B-00C04F79EFBC}") = "MessagingCenterAsync", "MessagingCenterAsync\MessagingCenterAsync.csproj", "{30C7D07D-B6BD-40C2-8235-0DA18E4E951B}"
EndProject
Project("{FAE04EC0-301F-11D3-BF4B-00C04F79EFBC}") = "MessagingCenterAsync.iOS", "iOS\MessagingCenterAsync.iOS.csproj", "{3CF9EA71-8A24-49AC-B6CB-E7E16E86DB6F}"
EndProject
Project("{FAE04EC0-301F-11D3-BF4B-00C04F79EFBC}") = "MessagingCenterAsync.Droid", "Droid\MessagingCenterAsync.Droid.csproj", "{BB758995-E190-4F8A-A52D-94267DB8ADC9}"
EndProject
Global
	GlobalSection(SolutionConfigurationPlatforms) = preSolution
		Debug|Any CPU = Debug|Any CPU
		Release|Any CPU = Release|Any CPU
		Debug|iPhoneSimulator = Debug|iPhoneSimulator
		Release|iPhone = Release|iPhone
		Release|iPhoneSimulator = Release|iPhoneSimulator
		Debug|iPhone = Debug|iPhone
	EndGlobalSection
	GlobalSection(ProjectConfigurationPlatforms) = postSolution
		{30C7D07D-B6BD-40C2-8235-0DA18E4E951B}.Debug|Any CPU.ActiveCfg = Debug|Any CPU
		{30C7D07D-B6BD-40C2-8235-0DA18E4E951B}.Debug|Any CPU.Build.0 = Debug|Any CPU
		{30C7D07D-B6BD-40C2-8235-0DA18E4E951B}.Release|Any CPU.ActiveCfg = Release|Any CPU
		{30C7D07D-B6BD-40C2-8235-0DA18E4E951B}.Release|Any CPU.Build.0 = Release|Any CPU
		{30C7D07D-B6BD-40C2-8235-0DA18E4E951B}.Debug|iPhoneSimulator.ActiveCfg = Debug|Any CPU
		{30C7D07D-B6BD-40C2-8235-0DA18E4E951B}.Debug|iPhoneSimulator.Build.0 = Debug|Any CPU
		{30C7D07D-B6BD-40C2-8235-0DA18E4E951B}.Release|iPhone.ActiveCfg = Release|Any CPU
		{30C7D07D-B6BD-40C2-8235-0DA18E4E951B}.Release|iPhone.Build.0 = Release|Any CPU
		{30C7D07D-B6BD-40C2-8235-0DA18E4E951B}.Release|iPhoneSimulator.ActiveCfg = Release|Any CPU
		{30C7D07D-B6BD-40C2-8235-0DA18E4E951B}.Release|iPhoneSimulator.Build.0 = Release|Any CPU
		{30C7D07D-B6BD-40C2-8235-0DA18E4E951B}.Debug|iPhone.ActiveCfg = Debug|Any CPU
		{30C7D07D-B6BD-40C2-8235-0DA18E4E951B}.Debug|iPhone.Build.0 = Debug|Any CPU
		{3CF9EA71-8A24-49AC-B6CB-E7E16E86DB6F}.Debug|Any CPU.ActiveCfg = Debug|iPhoneSimulator
		{3CF9EA71-8A24-49AC-B6CB-E7E16E86DB6F}.Debug|Any CPU.Build.0 = Debug|iPhoneSimulator
		{3CF9EA71-8A24-49AC-B6CB-E7E16E86DB6F}.Release|Any CPU.ActiveCfg = Debug|iPhoneSimulator
		{3CF9EA71-8A24-49AC-B6CB-E7E16E86DB6F}.Release|Any CPU.Build.0 = Debug|iPhoneSimulator
		{3CF9EA71-8A24-49AC-B6CB-E7E16E86DB6F}.Debug|iPhoneSimulator.ActiveCfg = Debug|iPhoneSimulator
		{3CF9EA71-8A24-49AC-B6CB-E7E16E86DB6F}.Debug|iPhoneSimulator.Build.0 = Debug|iPhoneSimulator
		{3CF9EA71-8A24-49AC-B6CB-E7E16E86DB6F}.Release|iPhone.ActiveCfg = Release|iPhone
		{3CF9EA71-8A24-49AC-B6CB-E7E16E86DB6F}.Release|iPhone.Build.0 = Release|iPhone
		{3CF9EA71-8A24-49AC-B6CB-E7E16E86DB6F}.Release|iPhoneSimulator.ActiveCfg = Release|iPhoneSimulator
		{3CF9EA71-8A24-49AC-B6CB-E7E16E86DB6F}.Release|iPhoneSimulator.Build.0 = Release|iPhoneSimulator
		{3CF9EA71-8A24-49AC-B6CB-E7E16E86DB6F}.Debug|iPhone.ActiveCfg = Debug|iPhone
		{3CF9EA71-8A24-49AC-B6CB-E7E16E86DB6F}.Debug|iPhone.Build.0 = Debug|iPhone
		{BB758995-E190-4F8A-A52D-94267DB8ADC9}.Debug|Any CPU.ActiveCfg = Debug|Any CPU
		{BB758995-E190-4F8A-A52D-94267DB8ADC9}.Debug|Any CPU.Build.0 = Debug|Any CPU
		{BB758995-E190-4F8A-A52D-94267DB8ADC9}.Release|Any CPU.ActiveCfg = Release|Any CPU
		{BB758995-E190-4F8A-A52D-94267DB8ADC9}.Release|Any CPU.Build.0 = Release|Any CPU
		{BB758995-E190-4F8A-A52D-94267DB8ADC9}.Debug|iPhoneSimulator.ActiveCfg = Debug|Any CPU
		{BB758995-E190-4F8A-A52D-94267DB8ADC9}.Debug|iPhoneSimulator.Build.0 = Debug|Any CPU
		{BB758995-E190-4F8A-A52D-94267DB8ADC9}.Release|iPhone.ActiveCfg = Release|Any CPU
		{BB758995-E190-4F8A-A52D-94267DB8ADC9}.Release|iPhone.Build.0 = Release|Any CPU
		{BB758995-E190-4F8A-A52D-94267DB8ADC9}.Release|iPhoneSimulator.ActiveCfg = Release|Any CPU
		{BB758995-E190-4F8A-A52D-94267DB8ADC9}.Release|iPhoneSimulator.Build.0 = Release|Any CPU
		{BB758995-E190-4F8A-A52D-94267DB8ADC9}.Debug|iPhone.ActiveCfg = Debug|Any CPU
		{BB758995-E190-4F8A-A52D-94267DB8ADC9}.Debug|iPhone.Build.0 = Debug|Any CPU
	EndGlobalSection
EndGlobal
