
Microsoft Visual Studio Solution File, Format Version 12.00
# Visual Studio 2012
Project("{FAE04EC0-301F-11D3-BF4B-00C04F79EFBC}") = "SelectorTest", "SelectorTest\SelectorTest.csproj", "{DA07E3DB-8FF5-42EF-8914-43BE19DA6B3A}"
EndProject
Global
	GlobalSection(SolutionConfigurationPlatforms) = preSolution
		Debug|Any CPU = Debug|Any CPU
		Release|Any CPU = Release|Any CPU
	EndGlobalSection
	GlobalSection(ProjectConfigurationPlatforms) = postSolution
		{DA07E3DB-8FF5-42EF-8914-43BE19DA6B3A}.Debug|Any CPU.ActiveCfg = Debug|Any CPU
		{DA07E3DB-8FF5-42EF-8914-43BE19DA6B3A}.Debug|Any CPU.Build.0 = Debug|Any CPU
		{DA07E3DB-8FF5-42EF-8914-43BE19DA6B3A}.Release|Any CPU.ActiveCfg = Release|Any CPU
		{DA07E3DB-8FF5-42EF-8914-43BE19DA6B3A}.Release|Any CPU.Build.0 = Release|Any CPU
	EndGlobalSection
EndGlobal
