
Microsoft Visual Studio Solution File, Format Version 12.00
# Visual Studio 2012
Project("{FAE04EC0-301F-11D3-BF4B-00C04F79EFBC}") = "PCLStorageTest", "PCLStorageTest\PCLStorageTest.csproj", "{FA22F7B2-A17C-4191-8E9E-1608073920F0}"
EndProject
Project("{FAE04EC0-301F-11D3-BF4B-00C04F79EFBC}") = "PCLStorageTest.iOS", "iOS\PCLStorageTest.iOS.csproj", "{76C1FEAD-B6EC-4006-9A5A-95A88C41F539}"
EndProject
Project("{FAE04EC0-301F-11D3-BF4B-00C04F79EFBC}") = "PCLStorageTest.Droid", "Droid\PCLStorageTest.Droid.csproj", "{3650E2A8-56DE-4F55-A5BE-B23B4590C95F}"
EndProject
Global
	GlobalSection(SolutionConfigurationPlatforms) = preSolution
		Debug|Any CPU = Debug|Any CPU
		Release|Any CPU = Release|Any CPU
		Debug|iPhoneSimulator = Debug|iPhoneSimulator
		Release|iPhone = Release|iPhone
		Release|iPhoneSimulator = Release|iPhoneSimulator
		Debug|iPhone = Debug|iPhone
	EndGlobalSection
	GlobalSection(ProjectConfigurationPlatforms) = postSolution
		{FA22F7B2-A17C-4191-8E9E-1608073920F0}.Debug|Any CPU.ActiveCfg = Debug|Any CPU
		{FA22F7B2-A17C-4191-8E9E-1608073920F0}.Debug|Any CPU.Build.0 = Debug|Any CPU
		{FA22F7B2-A17C-4191-8E9E-1608073920F0}.Release|Any CPU.ActiveCfg = Release|Any CPU
		{FA22F7B2-A17C-4191-8E9E-1608073920F0}.Release|Any CPU.Build.0 = Release|Any CPU
		{FA22F7B2-A17C-4191-8E9E-1608073920F0}.Debug|iPhoneSimulator.ActiveCfg = Debug|Any CPU
		{FA22F7B2-A17C-4191-8E9E-1608073920F0}.Debug|iPhoneSimulator.Build.0 = Debug|Any CPU
		{FA22F7B2-A17C-4191-8E9E-1608073920F0}.Release|iPhone.ActiveCfg = Release|Any CPU
		{FA22F7B2-A17C-4191-8E9E-1608073920F0}.Release|iPhone.Build.0 = Release|Any CPU
		{FA22F7B2-A17C-4191-8E9E-1608073920F0}.Release|iPhoneSimulator.ActiveCfg = Release|Any CPU
		{FA22F7B2-A17C-4191-8E9E-1608073920F0}.Release|iPhoneSimulator.Build.0 = Release|Any CPU
		{FA22F7B2-A17C-4191-8E9E-1608073920F0}.Debug|iPhone.ActiveCfg = Debug|Any CPU
		{FA22F7B2-A17C-4191-8E9E-1608073920F0}.Debug|iPhone.Build.0 = Debug|Any CPU
		{76C1FEAD-B6EC-4006-9A5A-95A88C41F539}.Debug|Any CPU.ActiveCfg = Debug|iPhoneSimulator
		{76C1FEAD-B6EC-4006-9A5A-95A88C41F539}.Debug|Any CPU.Build.0 = Debug|iPhoneSimulator
		{76C1FEAD-B6EC-4006-9A5A-95A88C41F539}.Release|Any CPU.ActiveCfg = Release|iPhone
		{76C1FEAD-B6EC-4006-9A5A-95A88C41F539}.Release|Any CPU.Build.0 = Release|iPhone
		{76C1FEAD-B6EC-4006-9A5A-95A88C41F539}.Debug|iPhoneSimulator.ActiveCfg = Debug|iPhoneSimulator
		{76C1FEAD-B6EC-4006-9A5A-95A88C41F539}.Debug|iPhoneSimulator.Build.0 = Debug|iPhoneSimulator
		{76C1FEAD-B6EC-4006-9A5A-95A88C41F539}.Release|iPhone.ActiveCfg = Release|iPhone
		{76C1FEAD-B6EC-4006-9A5A-95A88C41F539}.Release|iPhone.Build.0 = Release|iPhone
		{76C1FEAD-B6EC-4006-9A5A-95A88C41F539}.Release|iPhoneSimulator.ActiveCfg = Release|iPhoneSimulator
		{76C1FEAD-B6EC-4006-9A5A-95A88C41F539}.Release|iPhoneSimulator.Build.0 = Release|iPhoneSimulator
		{76C1FEAD-B6EC-4006-9A5A-95A88C41F539}.Debug|iPhone.ActiveCfg = Debug|iPhone
		{76C1FEAD-B6EC-4006-9A5A-95A88C41F539}.Debug|iPhone.Build.0 = Debug|iPhone
		{3650E2A8-56DE-4F55-A5BE-B23B4590C95F}.Debug|Any CPU.ActiveCfg = Debug|Any CPU
		{3650E2A8-56DE-4F55-A5BE-B23B4590C95F}.Debug|Any CPU.Build.0 = Debug|Any CPU
		{3650E2A8-56DE-4F55-A5BE-B23B4590C95F}.Release|Any CPU.ActiveCfg = Release|Any CPU
		{3650E2A8-56DE-4F55-A5BE-B23B4590C95F}.Release|Any CPU.Build.0 = Release|Any CPU
		{3650E2A8-56DE-4F55-A5BE-B23B4590C95F}.Debug|iPhoneSimulator.ActiveCfg = Debug|Any CPU
		{3650E2A8-56DE-4F55-A5BE-B23B4590C95F}.Debug|iPhoneSimulator.Build.0 = Debug|Any CPU
		{3650E2A8-56DE-4F55-A5BE-B23B4590C95F}.Release|iPhone.ActiveCfg = Release|Any CPU
		{3650E2A8-56DE-4F55-A5BE-B23B4590C95F}.Release|iPhone.Build.0 = Release|Any CPU
		{3650E2A8-56DE-4F55-A5BE-B23B4590C95F}.Release|iPhoneSimulator.ActiveCfg = Release|Any CPU
		{3650E2A8-56DE-4F55-A5BE-B23B4590C95F}.Release|iPhoneSimulator.Build.0 = Release|Any CPU
		{3650E2A8-56DE-4F55-A5BE-B23B4590C95F}.Debug|iPhone.ActiveCfg = Debug|Any CPU
		{3650E2A8-56DE-4F55-A5BE-B23B4590C95F}.Debug|iPhone.Build.0 = Debug|Any CPU
	EndGlobalSection
EndGlobal
