
Microsoft Visual Studio Solution File, Format Version 12.00
# Visual Studio 2012
Project("{FAE04EC0-301F-11D3-BF4B-00C04F79EFBC}") = "Speech", "Speech\Speech.csproj", "{083E18FA-749A-4DE5-9CFF-23A637B639DA}"
EndProject
Project("{FAE04EC0-301F-11D3-BF4B-00C04F79EFBC}") = "Speech.Droid", "Droid\Speech.Droid.csproj", "{BE266255-2036-42A8-BE68-A4F20CFCBD06}"
EndProject
Global
	GlobalSection(SolutionConfigurationPlatforms) = preSolution
		Debug|Any CPU = Debug|Any CPU
		Release|Any CPU = Release|Any CPU
	EndGlobalSection
	GlobalSection(ProjectConfigurationPlatforms) = postSolution
		{083E18FA-749A-4DE5-9CFF-23A637B639DA}.Debug|Any CPU.ActiveCfg = Debug|Any CPU
		{083E18FA-749A-4DE5-9CFF-23A637B639DA}.Debug|Any CPU.Build.0 = Debug|Any CPU
		{083E18FA-749A-4DE5-9CFF-23A637B639DA}.Release|Any CPU.ActiveCfg = Release|Any CPU
		{083E18FA-749A-4DE5-9CFF-23A637B639DA}.Release|Any CPU.Build.0 = Release|Any CPU
		{BE266255-2036-42A8-BE68-A4F20CFCBD06}.Debug|Any CPU.ActiveCfg = Debug|Any CPU
		{BE266255-2036-42A8-BE68-A4F20CFCBD06}.Debug|Any CPU.Build.0 = Debug|Any CPU
		{BE266255-2036-42A8-BE68-A4F20CFCBD06}.Release|Any CPU.ActiveCfg = Release|Any CPU
		{BE266255-2036-42A8-BE68-A4F20CFCBD06}.Release|Any CPU.Build.0 = Release|Any CPU
	EndGlobalSection
EndGlobal
