
Microsoft Visual Studio Solution File, Format Version 12.00
# Visual Studio 2012
Project("{FAE04EC0-301F-11D3-BF4B-00C04F79EFBC}") = "FancyButtonTest", "FancyButtonTest\FancyButtonTest.csproj", "{4850F928-E7B8-436E-8638-6CD34CE1697B}"
EndProject
Project("{FAE04EC0-301F-11D3-BF4B-00C04F79EFBC}") = "FancyButtonTest.iOS", "iOS\FancyButtonTest.iOS.csproj", "{30726D63-183B-4028-9E76-2D057E11363D}"
EndProject
Project("{FAE04EC0-301F-11D3-BF4B-00C04F79EFBC}") = "FancyButtonTest.Droid", "Droid\FancyButtonTest.Droid.csproj", "{FFF7E388-FC6B-4E7A-836A-6EAB34823820}"
EndProject
Global
	GlobalSection(SolutionConfigurationPlatforms) = preSolution
		Debug|Any CPU = Debug|Any CPU
		Release|Any CPU = Release|Any CPU
		Debug|iPhoneSimulator = Debug|iPhoneSimulator
		Release|iPhone = Release|iPhone
		Release|iPhoneSimulator = Release|iPhoneSimulator
		Debug|iPhone = Debug|iPhone
	EndGlobalSection
	GlobalSection(ProjectConfigurationPlatforms) = postSolution
		{30726D63-183B-4028-9E76-2D057E11363D}.Debug|Any CPU.ActiveCfg = Debug|iPhoneSimulator
		{30726D63-183B-4028-9E76-2D057E11363D}.Debug|Any CPU.Build.0 = Debug|iPhoneSimulator
		{30726D63-183B-4028-9E76-2D057E11363D}.Debug|iPhone.ActiveCfg = Debug|iPhone
		{30726D63-183B-4028-9E76-2D057E11363D}.Debug|iPhone.Build.0 = Debug|iPhone
		{30726D63-183B-4028-9E76-2D057E11363D}.Debug|iPhoneSimulator.ActiveCfg = Debug|iPhoneSimulator
		{30726D63-183B-4028-9E76-2D057E11363D}.Debug|iPhoneSimulator.Build.0 = Debug|iPhoneSimulator
		{30726D63-183B-4028-9E76-2D057E11363D}.Release|Any CPU.ActiveCfg = Release|iPhone
		{30726D63-183B-4028-9E76-2D057E11363D}.Release|Any CPU.Build.0 = Release|iPhone
		{30726D63-183B-4028-9E76-2D057E11363D}.Release|iPhone.ActiveCfg = Release|iPhone
		{30726D63-183B-4028-9E76-2D057E11363D}.Release|iPhone.Build.0 = Release|iPhone
		{30726D63-183B-4028-9E76-2D057E11363D}.Release|iPhoneSimulator.ActiveCfg = Release|iPhoneSimulator
		{30726D63-183B-4028-9E76-2D057E11363D}.Release|iPhoneSimulator.Build.0 = Release|iPhoneSimulator
		{4850F928-E7B8-436E-8638-6CD34CE1697B}.Debug|Any CPU.ActiveCfg = Debug|Any CPU
		{4850F928-E7B8-436E-8638-6CD34CE1697B}.Debug|Any CPU.Build.0 = Debug|Any CPU
		{4850F928-E7B8-436E-8638-6CD34CE1697B}.Debug|iPhone.ActiveCfg = Debug|Any CPU
		{4850F928-E7B8-436E-8638-6CD34CE1697B}.Debug|iPhone.Build.0 = Debug|Any CPU
		{4850F928-E7B8-436E-8638-6CD34CE1697B}.Debug|iPhoneSimulator.ActiveCfg = Debug|Any CPU
		{4850F928-E7B8-436E-8638-6CD34CE1697B}.Debug|iPhoneSimulator.Build.0 = Debug|Any CPU
		{4850F928-E7B8-436E-8638-6CD34CE1697B}.Release|Any CPU.ActiveCfg = Release|Any CPU
		{4850F928-E7B8-436E-8638-6CD34CE1697B}.Release|Any CPU.Build.0 = Release|Any CPU
		{4850F928-E7B8-436E-8638-6CD34CE1697B}.Release|iPhone.ActiveCfg = Release|Any CPU
		{4850F928-E7B8-436E-8638-6CD34CE1697B}.Release|iPhone.Build.0 = Release|Any CPU
		{4850F928-E7B8-436E-8638-6CD34CE1697B}.Release|iPhoneSimulator.ActiveCfg = Release|Any CPU
		{4850F928-E7B8-436E-8638-6CD34CE1697B}.Release|iPhoneSimulator.Build.0 = Release|Any CPU
		{FFF7E388-FC6B-4E7A-836A-6EAB34823820}.Debug|Any CPU.ActiveCfg = Debug|Any CPU
		{FFF7E388-FC6B-4E7A-836A-6EAB34823820}.Debug|Any CPU.Build.0 = Debug|Any CPU
		{FFF7E388-FC6B-4E7A-836A-6EAB34823820}.Debug|iPhone.ActiveCfg = Debug|Any CPU
		{FFF7E388-FC6B-4E7A-836A-6EAB34823820}.Debug|iPhone.Build.0 = Debug|Any CPU
		{FFF7E388-FC6B-4E7A-836A-6EAB34823820}.Debug|iPhoneSimulator.ActiveCfg = Debug|Any CPU
		{FFF7E388-FC6B-4E7A-836A-6EAB34823820}.Debug|iPhoneSimulator.Build.0 = Debug|Any CPU
		{FFF7E388-FC6B-4E7A-836A-6EAB34823820}.Release|Any CPU.ActiveCfg = Release|Any CPU
		{FFF7E388-FC6B-4E7A-836A-6EAB34823820}.Release|Any CPU.Build.0 = Release|Any CPU
		{FFF7E388-FC6B-4E7A-836A-6EAB34823820}.Release|iPhone.ActiveCfg = Release|Any CPU
		{FFF7E388-FC6B-4E7A-836A-6EAB34823820}.Release|iPhone.Build.0 = Release|Any CPU
		{FFF7E388-FC6B-4E7A-836A-6EAB34823820}.Release|iPhoneSimulator.ActiveCfg = Release|Any CPU
		{FFF7E388-FC6B-4E7A-836A-6EAB34823820}.Release|iPhoneSimulator.Build.0 = Release|Any CPU
	EndGlobalSection
EndGlobal
