
Microsoft Visual Studio Solution File, Format Version 12.00
# Visual Studio 2012
Project("{FAE04EC0-301F-11D3-BF4B-00C04F79EFBC}") = "iOSGoogleMaps", "GoogleMaps\iOSGoogleMaps.csproj", "{EC02BD34-6387-4BD0-99B9-86850B67C946}"
EndProject
Global
	GlobalSection(SolutionConfigurationPlatforms) = preSolution
		Debug|iPhoneSimulator = Debug|iPhoneSimulator
		Release|iPhone = Release|iPhone
		Release|iPhoneSimulator = Release|iPhoneSimulator
		Debug|iPhone = Debug|iPhone
	EndGlobalSection
	GlobalSection(ProjectConfigurationPlatforms) = postSolution
		{EC02BD34-6387-4BD0-99B9-86850B67C946}.Debug|iPhoneSimulator.ActiveCfg = Debug|iPhoneSimulator
		{EC02BD34-6387-4BD0-99B9-86850B67C946}.Debug|iPhoneSimulator.Build.0 = Debug|iPhoneSimulator
		{EC02BD34-6387-4BD0-99B9-86850B67C946}.Release|iPhone.ActiveCfg = Release|iPhone
		{EC02BD34-6387-4BD0-99B9-86850B67C946}.Release|iPhone.Build.0 = Release|iPhone
		{EC02BD34-6387-4BD0-99B9-86850B67C946}.Release|iPhoneSimulator.ActiveCfg = Release|iPhoneSimulator
		{EC02BD34-6387-4BD0-99B9-86850B67C946}.Release|iPhoneSimulator.Build.0 = Release|iPhoneSimulator
		{EC02BD34-6387-4BD0-99B9-86850B67C946}.Debug|iPhone.ActiveCfg = Debug|iPhone
		{EC02BD34-6387-4BD0-99B9-86850B67C946}.Debug|iPhone.Build.0 = Debug|iPhone
	EndGlobalSection
EndGlobal
