
Microsoft Visual Studio Solution File, Format Version 12.00
# Visual Studio 2012
Project("{FAE04EC0-301F-11D3-BF4B-00C04F79EFBC}") = "ModalPageNavigation", "ModalPageNavigation\ModalPageNavigation.csproj", "{8E93026D-3512-4AD3-B7CE-3F5CFBA5F093}"
EndProject
Project("{FAE04EC0-301F-11D3-BF4B-00C04F79EFBC}") = "ModalPageNavigation.iOS", "iOS\ModalPageNavigation.iOS.csproj", "{C5942BBB-2989-48CB-878E-80B287148FF1}"
EndProject
Project("{FAE04EC0-301F-11D3-BF4B-00C04F79EFBC}") = "ModalPageNavigation.Droid", "Droid\ModalPageNavigation.Droid.csproj", "{10A3A871-913C-4BD7-9E95-CC9E764A9D54}"
EndProject
Global
	GlobalSection(SolutionConfigurationPlatforms) = preSolution
		Debug|Any CPU = Debug|Any CPU
		Release|Any CPU = Release|Any CPU
		Debug|iPhoneSimulator = Debug|iPhoneSimulator
		Release|iPhone = Release|iPhone
		Release|iPhoneSimulator = Release|iPhoneSimulator
		Debug|iPhone = Debug|iPhone
	EndGlobalSection
	GlobalSection(ProjectConfigurationPlatforms) = postSolution
		{8E93026D-3512-4AD3-B7CE-3F5CFBA5F093}.Debug|Any CPU.ActiveCfg = Debug|Any CPU
		{8E93026D-3512-4AD3-B7CE-3F5CFBA5F093}.Debug|Any CPU.Build.0 = Debug|Any CPU
		{8E93026D-3512-4AD3-B7CE-3F5CFBA5F093}.Release|Any CPU.ActiveCfg = Release|Any CPU
		{8E93026D-3512-4AD3-B7CE-3F5CFBA5F093}.Release|Any CPU.Build.0 = Release|Any CPU
		{8E93026D-3512-4AD3-B7CE-3F5CFBA5F093}.Debug|iPhoneSimulator.ActiveCfg = Debug|Any CPU
		{8E93026D-3512-4AD3-B7CE-3F5CFBA5F093}.Debug|iPhoneSimulator.Build.0 = Debug|Any CPU
		{8E93026D-3512-4AD3-B7CE-3F5CFBA5F093}.Release|iPhone.ActiveCfg = Release|Any CPU
		{8E93026D-3512-4AD3-B7CE-3F5CFBA5F093}.Release|iPhone.Build.0 = Release|Any CPU
		{8E93026D-3512-4AD3-B7CE-3F5CFBA5F093}.Release|iPhoneSimulator.ActiveCfg = Release|Any CPU
		{8E93026D-3512-4AD3-B7CE-3F5CFBA5F093}.Release|iPhoneSimulator.Build.0 = Release|Any CPU
		{8E93026D-3512-4AD3-B7CE-3F5CFBA5F093}.Debug|iPhone.ActiveCfg = Debug|Any CPU
		{8E93026D-3512-4AD3-B7CE-3F5CFBA5F093}.Debug|iPhone.Build.0 = Debug|Any CPU
		{C5942BBB-2989-48CB-878E-80B287148FF1}.Debug|Any CPU.ActiveCfg = Debug|iPhoneSimulator
		{C5942BBB-2989-48CB-878E-80B287148FF1}.Debug|Any CPU.Build.0 = Debug|iPhoneSimulator
		{C5942BBB-2989-48CB-878E-80B287148FF1}.Release|Any CPU.ActiveCfg = Debug|iPhoneSimulator
		{C5942BBB-2989-48CB-878E-80B287148FF1}.Release|Any CPU.Build.0 = Debug|iPhoneSimulator
		{C5942BBB-2989-48CB-878E-80B287148FF1}.Debug|iPhoneSimulator.ActiveCfg = Debug|iPhoneSimulator
		{C5942BBB-2989-48CB-878E-80B287148FF1}.Debug|iPhoneSimulator.Build.0 = Debug|iPhoneSimulator
		{C5942BBB-2989-48CB-878E-80B287148FF1}.Release|iPhone.ActiveCfg = Release|iPhone
		{C5942BBB-2989-48CB-878E-80B287148FF1}.Release|iPhone.Build.0 = Release|iPhone
		{C5942BBB-2989-48CB-878E-80B287148FF1}.Release|iPhoneSimulator.ActiveCfg = Release|iPhoneSimulator
		{C5942BBB-2989-48CB-878E-80B287148FF1}.Release|iPhoneSimulator.Build.0 = Release|iPhoneSimulator
		{C5942BBB-2989-48CB-878E-80B287148FF1}.Debug|iPhone.ActiveCfg = Debug|iPhone
		{C5942BBB-2989-48CB-878E-80B287148FF1}.Debug|iPhone.Build.0 = Debug|iPhone
		{10A3A871-913C-4BD7-9E95-CC9E764A9D54}.Debug|Any CPU.ActiveCfg = Debug|Any CPU
		{10A3A871-913C-4BD7-9E95-CC9E764A9D54}.Debug|Any CPU.Build.0 = Debug|Any CPU
		{10A3A871-913C-4BD7-9E95-CC9E764A9D54}.Release|Any CPU.ActiveCfg = Release|Any CPU
		{10A3A871-913C-4BD7-9E95-CC9E764A9D54}.Release|Any CPU.Build.0 = Release|Any CPU
		{10A3A871-913C-4BD7-9E95-CC9E764A9D54}.Debug|iPhoneSimulator.ActiveCfg = Debug|Any CPU
		{10A3A871-913C-4BD7-9E95-CC9E764A9D54}.Debug|iPhoneSimulator.Build.0 = Debug|Any CPU
		{10A3A871-913C-4BD7-9E95-CC9E764A9D54}.Release|iPhone.ActiveCfg = Release|Any CPU
		{10A3A871-913C-4BD7-9E95-CC9E764A9D54}.Release|iPhone.Build.0 = Release|Any CPU
		{10A3A871-913C-4BD7-9E95-CC9E764A9D54}.Release|iPhoneSimulator.ActiveCfg = Release|Any CPU
		{10A3A871-913C-4BD7-9E95-CC9E764A9D54}.Release|iPhoneSimulator.Build.0 = Release|Any CPU
		{10A3A871-913C-4BD7-9E95-CC9E764A9D54}.Debug|iPhone.ActiveCfg = Debug|Any CPU
		{10A3A871-913C-4BD7-9E95-CC9E764A9D54}.Debug|iPhone.Build.0 = Debug|Any CPU
	EndGlobalSection
EndGlobal
